
Microsoft Visual Studio Solution File, Format Version 12.00
# Visual Studio Version 16
VisualStudioVersion = 16.0.31515.178
MinimumVisualStudioVersion = 10.0.40219.1
Project("{FAE04EC0-301F-11D3-BF4B-00C04F79EFBC}") = "Älytalo-WPF-kunnari", "Älytalo-WPF-kunnari\Älytalo-WPF-kunnari.csproj", "{3BD904EA-B9F2-46FF-9E32-96B952BD270C}"
EndProject
Global
	GlobalSection(SolutionConfigurationPlatforms) = preSolution
		Debug|Any CPU = Debug|Any CPU
		Release|Any CPU = Release|Any CPU
	EndGlobalSection
	GlobalSection(ProjectConfigurationPlatforms) = postSolution
		{3BD904EA-B9F2-46FF-9E32-96B952BD270C}.Debug|Any CPU.ActiveCfg = Debug|Any CPU
		{3BD904EA-B9F2-46FF-9E32-96B952BD270C}.Debug|Any CPU.Build.0 = Debug|Any CPU
		{3BD904EA-B9F2-46FF-9E32-96B952BD270C}.Release|Any CPU.ActiveCfg = Release|Any CPU
		{3BD904EA-B9F2-46FF-9E32-96B952BD270C}.Release|Any CPU.Build.0 = Release|Any CPU
	EndGlobalSection
	GlobalSection(SolutionProperties) = preSolution
		HideSolutionNode = FALSE
	EndGlobalSection
	GlobalSection(ExtensibilityGlobals) = postSolution
		SolutionGuid = {8C0A8179-537C-4E42-97A7-9EEF41CDB170}
	EndGlobalSection
EndGlobal
