
Microsoft Visual Studio Solution File, Format Version 12.00
# Visual Studio Version 16
VisualStudioVersion = 16.0.31205.134
MinimumVisualStudioVersion = 10.0.40219.1
Project("{FAE04EC0-301F-11D3-BF4B-00C04F79EFBC}") = "TimerManForm", "TimerManForm\TimerManForm.csproj", "{0A0CC2D4-002A-4D26-BE37-905A53FE8FE4}"
EndProject
Global
	GlobalSection(SolutionConfigurationPlatforms) = preSolution
		Debug|Any CPU = Debug|Any CPU
		Release|Any CPU = Release|Any CPU
	EndGlobalSection
	GlobalSection(ProjectConfigurationPlatforms) = postSolution
		{0A0CC2D4-002A-4D26-BE37-905A53FE8FE4}.Debug|Any CPU.ActiveCfg = Debug|Any CPU
		{0A0CC2D4-002A-4D26-BE37-905A53FE8FE4}.Debug|Any CPU.Build.0 = Debug|Any CPU
		{0A0CC2D4-002A-4D26-BE37-905A53FE8FE4}.Release|Any CPU.ActiveCfg = Release|Any CPU
		{0A0CC2D4-002A-4D26-BE37-905A53FE8FE4}.Release|Any CPU.Build.0 = Release|Any CPU
	EndGlobalSection
	GlobalSection(SolutionProperties) = preSolution
		HideSolutionNode = FALSE
	EndGlobalSection
	GlobalSection(ExtensibilityGlobals) = postSolution
		SolutionGuid = {7CCE3C6A-C810-423A-A7B2-E542867F347A}
	EndGlobalSection
EndGlobal
