
Microsoft Visual Studio Solution File, Format Version 12.00
# Visual Studio Version 16
VisualStudioVersion = 16.0.31321.278
MinimumVisualStudioVersion = 10.0.40219.1
Project("{FAE04EC0-301F-11D3-BF4B-00C04F79EFBC}") = "MoodlevideoSILMUKKA", "MoodlevideoSILMUKKA\MoodlevideoSILMUKKA.csproj", "{0950F87C-916A-47D5-A8BA-F66720E38020}"
EndProject
Global
	GlobalSection(SolutionConfigurationPlatforms) = preSolution
		Debug|Any CPU = Debug|Any CPU
		Release|Any CPU = Release|Any CPU
	EndGlobalSection
	GlobalSection(ProjectConfigurationPlatforms) = postSolution
		{0950F87C-916A-47D5-A8BA-F66720E38020}.Debug|Any CPU.ActiveCfg = Debug|Any CPU
		{0950F87C-916A-47D5-A8BA-F66720E38020}.Debug|Any CPU.Build.0 = Debug|Any CPU
		{0950F87C-916A-47D5-A8BA-F66720E38020}.Release|Any CPU.ActiveCfg = Release|Any CPU
		{0950F87C-916A-47D5-A8BA-F66720E38020}.Release|Any CPU.Build.0 = Release|Any CPU
	EndGlobalSection
	GlobalSection(SolutionProperties) = preSolution
		HideSolutionNode = FALSE
	EndGlobalSection
	GlobalSection(ExtensibilityGlobals) = postSolution
		SolutionGuid = {CF9F9088-E6ED-4411-BACB-6EBB0E3E94D6}
	EndGlobalSection
EndGlobal
