
Microsoft Visual Studio Solution File, Format Version 12.00
# Visual Studio Version 16
VisualStudioVersion = 16.0.31410.357
MinimumVisualStudioVersion = 10.0.40219.1
Project("{FAE04EC0-301F-11D3-BF4B-00C04F79EFBC}") = "MoodleVideo3paiva2.2", "MoodleVideo3paiva2.2\MoodleVideo3paiva2.2.csproj", "{C43339DD-BFB1-4E3C-84A5-4241D49D2D54}"
EndProject
Global
	GlobalSection(SolutionConfigurationPlatforms) = preSolution
		Debug|Any CPU = Debug|Any CPU
		Release|Any CPU = Release|Any CPU
	EndGlobalSection
	GlobalSection(ProjectConfigurationPlatforms) = postSolution
		{C43339DD-BFB1-4E3C-84A5-4241D49D2D54}.Debug|Any CPU.ActiveCfg = Debug|Any CPU
		{C43339DD-BFB1-4E3C-84A5-4241D49D2D54}.Debug|Any CPU.Build.0 = Debug|Any CPU
		{C43339DD-BFB1-4E3C-84A5-4241D49D2D54}.Release|Any CPU.ActiveCfg = Release|Any CPU
		{C43339DD-BFB1-4E3C-84A5-4241D49D2D54}.Release|Any CPU.Build.0 = Release|Any CPU
	EndGlobalSection
	GlobalSection(SolutionProperties) = preSolution
		HideSolutionNode = FALSE
	EndGlobalSection
	GlobalSection(ExtensibilityGlobals) = postSolution
		SolutionGuid = {5600A9A5-FFC2-4A04-9881-3BD346E0A996}
	EndGlobalSection
EndGlobal
