
Microsoft Visual Studio Solution File, Format Version 12.00
# Visual Studio Version 16
VisualStudioVersion = 16.0.31410.357
MinimumVisualStudioVersion = 10.0.40219.1
Project("{FAE04EC0-301F-11D3-BF4B-00C04F79EFBC}") = "MoodleVideo3KurssiPaiv1.1", "MoodleVideo3KurssiPaiv1.1\MoodleVideo3KurssiPaiv1.1.csproj", "{C48169AC-B268-4150-B12D-867619FBBF70}"
EndProject
Global
	GlobalSection(SolutionConfigurationPlatforms) = preSolution
		Debug|Any CPU = Debug|Any CPU
		Release|Any CPU = Release|Any CPU
	EndGlobalSection
	GlobalSection(ProjectConfigurationPlatforms) = postSolution
		{C48169AC-B268-4150-B12D-867619FBBF70}.Debug|Any CPU.ActiveCfg = Debug|Any CPU
		{C48169AC-B268-4150-B12D-867619FBBF70}.Debug|Any CPU.Build.0 = Debug|Any CPU
		{C48169AC-B268-4150-B12D-867619FBBF70}.Release|Any CPU.ActiveCfg = Release|Any CPU
		{C48169AC-B268-4150-B12D-867619FBBF70}.Release|Any CPU.Build.0 = Release|Any CPU
	EndGlobalSection
	GlobalSection(SolutionProperties) = preSolution
		HideSolutionNode = FALSE
	EndGlobalSection
	GlobalSection(ExtensibilityGlobals) = postSolution
		SolutionGuid = {F386B8E8-A52C-487B-A758-64A13E17CEBC}
	EndGlobalSection
EndGlobal
