
Microsoft Visual Studio Solution File, Format Version 12.00
# Visual Studio Version 16
VisualStudioVersion = 16.0.31410.357
MinimumVisualStudioVersion = 10.0.40219.1
Project("{FAE04EC0-301F-11D3-BF4B-00C04F79EFBC}") = "MoodleVideo3paiva2.1", "MoodleVideo3paiva2.1\MoodleVideo3paiva2.1.csproj", "{068C978C-F21D-4FF3-8FCD-4B8A3479E1AB}"
EndProject
Global
	GlobalSection(SolutionConfigurationPlatforms) = preSolution
		Debug|Any CPU = Debug|Any CPU
		Release|Any CPU = Release|Any CPU
	EndGlobalSection
	GlobalSection(ProjectConfigurationPlatforms) = postSolution
		{068C978C-F21D-4FF3-8FCD-4B8A3479E1AB}.Debug|Any CPU.ActiveCfg = Debug|Any CPU
		{068C978C-F21D-4FF3-8FCD-4B8A3479E1AB}.Debug|Any CPU.Build.0 = Debug|Any CPU
		{068C978C-F21D-4FF3-8FCD-4B8A3479E1AB}.Release|Any CPU.ActiveCfg = Release|Any CPU
		{068C978C-F21D-4FF3-8FCD-4B8A3479E1AB}.Release|Any CPU.Build.0 = Release|Any CPU
	EndGlobalSection
	GlobalSection(SolutionProperties) = preSolution
		HideSolutionNode = FALSE
	EndGlobalSection
	GlobalSection(ExtensibilityGlobals) = postSolution
		SolutionGuid = {B7B0E698-A9BB-4665-91FA-1FE7B45D8580}
	EndGlobalSection
EndGlobal
