
Microsoft Visual Studio Solution File, Format Version 12.00
# Visual Studio Version 16
VisualStudioVersion = 16.0.31515.178
MinimumVisualStudioVersion = 10.0.40219.1
Project("{FAE04EC0-301F-11D3-BF4B-00C04F79EFBC}") = "WpfApp1", "WpfApp1\WpfApp1.csproj", "{1D5A1E0C-4A41-4745-9732-9D3A171B6D4D}"
EndProject
Global
	GlobalSection(SolutionConfigurationPlatforms) = preSolution
		Debug|Any CPU = Debug|Any CPU
		Release|Any CPU = Release|Any CPU
	EndGlobalSection
	GlobalSection(ProjectConfigurationPlatforms) = postSolution
		{1D5A1E0C-4A41-4745-9732-9D3A171B6D4D}.Debug|Any CPU.ActiveCfg = Debug|Any CPU
		{1D5A1E0C-4A41-4745-9732-9D3A171B6D4D}.Debug|Any CPU.Build.0 = Debug|Any CPU
		{1D5A1E0C-4A41-4745-9732-9D3A171B6D4D}.Release|Any CPU.ActiveCfg = Release|Any CPU
		{1D5A1E0C-4A41-4745-9732-9D3A171B6D4D}.Release|Any CPU.Build.0 = Release|Any CPU
	EndGlobalSection
	GlobalSection(SolutionProperties) = preSolution
		HideSolutionNode = FALSE
	EndGlobalSection
	GlobalSection(ExtensibilityGlobals) = postSolution
		SolutionGuid = {EA590C2A-7F3B-48F3-A621-3005922AD2C7}
	EndGlobalSection
EndGlobal
