
Microsoft Visual Studio Solution File, Format Version 12.00
# Visual Studio Version 16
VisualStudioVersion = 16.0.31515.178
MinimumVisualStudioVersion = 10.0.40219.1
Project("{FAE04EC0-301F-11D3-BF4B-00C04F79EFBC}") = "WpfAutoOlio", "WpfAutoOlio\WpfAutoOlio.csproj", "{EF60D829-3206-4657-B858-F97C0738307D}"
EndProject
Global
	GlobalSection(SolutionConfigurationPlatforms) = preSolution
		Debug|Any CPU = Debug|Any CPU
		Release|Any CPU = Release|Any CPU
	EndGlobalSection
	GlobalSection(ProjectConfigurationPlatforms) = postSolution
		{EF60D829-3206-4657-B858-F97C0738307D}.Debug|Any CPU.ActiveCfg = Debug|Any CPU
		{EF60D829-3206-4657-B858-F97C0738307D}.Debug|Any CPU.Build.0 = Debug|Any CPU
		{EF60D829-3206-4657-B858-F97C0738307D}.Release|Any CPU.ActiveCfg = Release|Any CPU
		{EF60D829-3206-4657-B858-F97C0738307D}.Release|Any CPU.Build.0 = Release|Any CPU
	EndGlobalSection
	GlobalSection(SolutionProperties) = preSolution
		HideSolutionNode = FALSE
	EndGlobalSection
	GlobalSection(ExtensibilityGlobals) = postSolution
		SolutionGuid = {64FEA6D6-EA4F-433A-86A5-B2BE88653B52}
	EndGlobalSection
EndGlobal
